
Microsoft Visual Studio Solution File, Format Version 12.00
# Visual Studio 16
Project("{FAE04EC0-301F-11D3-BF4B-00C04F79EFBC}") = "Assembly-CSharp", "Assembly-CSharp.csproj", "{EB4F80AA-FA00-DDF6-2E87-A17E42699FFC}"
EndProject
Project("{FAE04EC0-301F-11D3-BF4B-00C04F79EFBC}") = "Assembly-CSharp-Editor", "Assembly-CSharp-Editor.csproj", "{5E25C291-0CE2-E477-7A80-D8DFA4CE10D8}"
EndProject
Global
	GlobalSection(SolutionConfigurationPlatforms) = preSolution
		Debug|Any CPU = Debug|Any CPU
		Release|Any CPU = Release|Any CPU
	EndGlobalSection
	GlobalSection(ProjectConfigurationPlatforms) = postSolution
		{EB4F80AA-FA00-DDF6-2E87-A17E42699FFC}.Debug|Any CPU.ActiveCfg = Debug|Any CPU
		{EB4F80AA-FA00-DDF6-2E87-A17E42699FFC}.Debug|Any CPU.Build.0 = Debug|Any CPU
		{EB4F80AA-FA00-DDF6-2E87-A17E42699FFC}.Release|Any CPU.ActiveCfg = Release|Any CPU
		{EB4F80AA-FA00-DDF6-2E87-A17E42699FFC}.Release|Any CPU.Build.0 = Release|Any CPU
		{5E25C291-0CE2-E477-7A80-D8DFA4CE10D8}.Debug|Any CPU.ActiveCfg = Debug|Any CPU
		{5E25C291-0CE2-E477-7A80-D8DFA4CE10D8}.Debug|Any CPU.Build.0 = Debug|Any CPU
		{5E25C291-0CE2-E477-7A80-D8DFA4CE10D8}.Release|Any CPU.ActiveCfg = Release|Any CPU
		{5E25C291-0CE2-E477-7A80-D8DFA4CE10D8}.Release|Any CPU.Build.0 = Release|Any CPU
	EndGlobalSection
	GlobalSection(SolutionProperties) = preSolution
		HideSolutionNode = FALSE
	EndGlobalSection
EndGlobal
